// !$*UTF8*$!
{
	archiveVersion = 1;
	classes = {
	};
	objectVersion = 46;
	objects = {

/* Begin PBXFileReference section */
		F1C6C3AA1DB2BBF600727B77 /* _config.yml */ = {isa = PBXFileReference; fileEncoding = 4; lastKnownFileType = text; path = _config.yml; sourceTree = "<group>"; };
		F1C6C3AB1DB2BBF600727B77 /* assets */ = {isa = PBXFileReference; lastKnownFileType = folder; path = assets; sourceTree = "<group>"; };
		F1C6C3AC1DB2BBF600727B77 /* elements.md */ = {isa = PBXFileReference; fileEncoding = 4; lastKnownFileType = net.daringfireball.markdown; path = elements.md; sourceTree = "<group>"; };
		F1C6C3AE1DB2BBF600727B77 /* index.md */ = {isa = PBXFileReference; fileEncoding = 4; lastKnownFileType = net.daringfireball.markdown; path = index.md; sourceTree = "<group>"; };
		F1C6C3AF1DB2BBF600727B77 /* landing.md */ = {isa = PBXFileReference; fileEncoding = 4; lastKnownFileType = net.daringfireball.markdown; path = landing.md; sourceTree = "<group>"; };
		F1C6C3B01DB2BBF600727B77 /* _includes */ = {isa = PBXFileReference; lastKnownFileType = folder; path = _includes; sourceTree = "<group>"; };
		F1C6C3B11DB2BBF600727B77 /* _layouts */ = {isa = PBXFileReference; lastKnownFileType = folder; path = _layouts; sourceTree = "<group>"; };
		F1C6C3B31DB2BBF600727B77 /* _sass */ = {isa = PBXFileReference; lastKnownFileType = folder; path = _sass; sourceTree = "<group>"; };
		F1C6C3B61DB2BBF600727B77 /* LICENSE.md */ = {isa = PBXFileReference; fileEncoding = 4; lastKnownFileType = net.daringfireball.markdown; path = LICENSE.md; sourceTree = "<group>"; };
		F1C6C3B71DB2BBF600727B77 /* README.md */ = {isa = PBXFileReference; fileEncoding = 4; lastKnownFileType = net.daringfireball.markdown; path = README.md; sourceTree = "<group>"; };
		F1C6C3D31DB3626600727B77 /* math */ = {isa = PBXFileReference; lastKnownFileType = folder; path = math; sourceTree = "<group>"; };
		F1C6C3D41DB3627200727B77 /* physics */ = {isa = PBXFileReference; lastKnownFileType = folder; path = physics; sourceTree = "<group>"; };
		F1C6C3D51DB364EC00727B77 /* blog */ = {isa = PBXFileReference; lastKnownFileType = folder; path = blog; sourceTree = "<group>"; };
/* End PBXFileReference section */

/* Begin PBXGroup section */
		F1C6C39F1DB2BBD600727B77 = {
			isa = PBXGroup;
			children = (
				F1C6C3AA1DB2BBF600727B77 /* _config.yml */,
				F1C6C3AE1DB2BBF600727B77 /* index.md */,
				F1C6C3AF1DB2BBF600727B77 /* landing.md */,
				F1C6C3D51DB364EC00727B77 /* blog */,
				F1C6C3AC1DB2BBF600727B77 /* elements.md */,
				F1C6C3D41DB3627200727B77 /* physics */,
				F1C6C3D31DB3626600727B77 /* math */,
				F1C6C3AB1DB2BBF600727B77 /* assets */,
				F1C6C3B01DB2BBF600727B77 /* _includes */,
				F1C6C3B11DB2BBF600727B77 /* _layouts */,
				F1C6C3B31DB2BBF600727B77 /* _sass */,
				F1C6C3B61DB2BBF600727B77 /* LICENSE.md */,
				F1C6C3B71DB2BBF600727B77 /* README.md */,
			);
			sourceTree = "<group>";
		};
/* End PBXGroup section */

/* Begin PBXLegacyTarget section */
		F1C6C3A41DB2BBD600727B77 /* forty */ = {
			isa = PBXLegacyTarget;
			buildArgumentsString = "$(ACTION)";
			buildConfigurationList = F1C6C3A71DB2BBD600727B77 /* Build configuration list for PBXLegacyTarget "forty" */;
			buildPhases = (
			);
			buildToolPath = /usr/bin/make;
			dependencies = (
			);
			name = forty;
			passBuildSettingsInEnvironment = 1;
			productName = forty;
		};
/* End PBXLegacyTarget section */

/* Begin PBXProject section */
		F1C6C3A01DB2BBD600727B77 /* Project object */ = {
			isa = PBXProject;
			attributes = {
				LastUpgradeCheck = 0800;
				ORGANIZATIONNAME = "Kevin Goodman";
				TargetAttributes = {
					F1C6C3A41DB2BBD600727B77 = {
						CreatedOnToolsVersion = 8.0;
						ProvisioningStyle = Automatic;
					};
				};
			};
			buildConfigurationList = F1C6C3A31DB2BBD600727B77 /* Build configuration list for PBXProject "forty" */;
			compatibilityVersion = "Xcode 3.2";
			developmentRegion = English;
			hasScannedForEncodings = 0;
			knownRegions = (
				en,
			);
			mainGroup = F1C6C39F1DB2BBD600727B77;
			projectDirPath = "";
			projectRoot = "";
			targets = (
				F1C6C3A41DB2BBD600727B77 /* forty */,
			);
		};
/* End PBXProject section */

/* Begin XCBuildConfiguration section */
		F1C6C3A51DB2BBD600727B77 /* Debug */ = {
			isa = XCBuildConfiguration;
			buildSettings = {
				ALWAYS_SEARCH_USER_PATHS = NO;
				CLANG_ANALYZER_NONNULL = YES;
				CLANG_CXX_LANGUAGE_STANDARD = "gnu++0x";
				CLANG_CXX_LIBRARY = "libc++";
				CLANG_ENABLE_MODULES = YES;
				CLANG_ENABLE_OBJC_ARC = YES;
				CLANG_WARN_BOOL_CONVERSION = YES;
				CLANG_WARN_CONSTANT_CONVERSION = YES;
				CLANG_WARN_DIRECT_OBJC_ISA_USAGE = YES_ERROR;
				CLANG_WARN_DOCUMENTATION_COMMENTS = YES;
				CLANG_WARN_EMPTY_BODY = YES;
				CLANG_WARN_ENUM_CONVERSION = YES;
				CLANG_WARN_INFINITE_RECURSION = YES;
				CLANG_WARN_INT_CONVERSION = YES;
				CLANG_WARN_OBJC_ROOT_CLASS = YES_ERROR;
				CLANG_WARN_SUSPICIOUS_MOVES = YES;
				CLANG_WARN_UNREACHABLE_CODE = YES;
				CLANG_WARN__DUPLICATE_METHOD_MATCH = YES;
				COPY_PHASE_STRIP = NO;
				DEBUG_INFORMATION_FORMAT = dwarf;
				ENABLE_STRICT_OBJC_MSGSEND = YES;
				ENABLE_TESTABILITY = YES;
				GCC_C_LANGUAGE_STANDARD = gnu99;
				GCC_DYNAMIC_NO_PIC = NO;
				GCC_NO_COMMON_BLOCKS = YES;
				GCC_OPTIMIZATION_LEVEL = 0;
				GCC_PREPROCESSOR_DEFINITIONS = (
					"DEBUG=1",
					"$(inherited)",
				);
				GCC_WARN_64_TO_32_BIT_CONVERSION = YES;
				GCC_WARN_ABOUT_RETURN_TYPE = YES_ERROR;
				GCC_WARN_UNDECLARED_SELECTOR = YES;
				GCC_WARN_UNINITIALIZED_AUTOS = YES_AGGRESSIVE;
				GCC_WARN_UNUSED_FUNCTION = YES;
				GCC_WARN_UNUSED_VARIABLE = YES;
				MTL_ENABLE_DEBUG_INFO = YES;
				ONLY_ACTIVE_ARCH = YES;
			};
			name = Debug;
		};
		F1C6C3A61DB2BBD600727B77 /* Release */ = {
			isa = XCBuildConfiguration;
			buildSettings = {
				ALWAYS_SEARCH_USER_PATHS = NO;
				CLANG_ANALYZER_NONNULL = YES;
				CLANG_CXX_LANGUAGE_STANDARD = "gnu++0x";
				CLANG_CXX_LIBRARY = "libc++";
				CLANG_ENABLE_MODULES = YES;
				CLANG_ENABLE_OBJC_ARC = YES;
				CLANG_WARN_BOOL_CONVERSION = YES;
				CLANG_WARN_CONSTANT_CONVERSION = YES;
				CLANG_WARN_DIRECT_OBJC_ISA_USAGE = YES_ERROR;
				CLANG_WARN_DOCUMENTATION_COMMENTS = YES;
				CLANG_WARN_EMPTY_BODY = YES;
				CLANG_WARN_ENUM_CONVERSION = YES;
				CLANG_WARN_INFINITE_RECURSION = YES;
				CLANG_WARN_INT_CONVERSION = YES;
				CLANG_WARN_OBJC_ROOT_CLASS = YES_ERROR;
				CLANG_WARN_SUSPICIOUS_MOVES = YES;
				CLANG_WARN_UNREACHABLE_CODE = YES;
				CLANG_WARN__DUPLICATE_METHOD_MATCH = YES;
				COPY_PHASE_STRIP = NO;
				DEBUG_INFORMATION_FORMAT = "dwarf-with-dsym";
				ENABLE_NS_ASSERTIONS = NO;
				ENABLE_STRICT_OBJC_MSGSEND = YES;
				GCC_C_LANGUAGE_STANDARD = gnu99;
				GCC_NO_COMMON_BLOCKS = YES;
				GCC_WARN_64_TO_32_BIT_CONVERSION = YES;
				GCC_WARN_ABOUT_RETURN_TYPE = YES_ERROR;
				GCC_WARN_UNDECLARED_SELECTOR = YES;
				GCC_WARN_UNINITIALIZED_AUTOS = YES_AGGRESSIVE;
				GCC_WARN_UNUSED_FUNCTION = YES;
				GCC_WARN_UNUSED_VARIABLE = YES;
				MTL_ENABLE_DEBUG_INFO = NO;
			};
			name = Release;
		};
		F1C6C3A81DB2BBD600727B77 /* Debug */ = {
			isa = XCBuildConfiguration;
			buildSettings = {
				DEBUGGING_SYMBOLS = YES;
				DEBUG_INFORMATION_FORMAT = dwarf;
				GCC_GENERATE_DEBUGGING_SYMBOLS = YES;
				GCC_OPTIMIZATION_LEVEL = 0;
				OTHER_CFLAGS = "";
				OTHER_LDFLAGS = "";
				PRODUCT_NAME = "$(TARGET_NAME)";
			};
			name = Debug;
		};
		F1C6C3A91DB2BBD600727B77 /* Release */ = {
			isa = XCBuildConfiguration;
			buildSettings = {
				DEBUG_INFORMATION_FORMAT = "dwarf-with-dsym";
				OTHER_CFLAGS = "";
				OTHER_LDFLAGS = "";
				PRODUCT_NAME = "$(TARGET_NAME)";
			};
			name = Release;
		};
/* End XCBuildConfiguration section */

/* Begin XCConfigurationList section */
		F1C6C3A31DB2BBD600727B77 /* Build configuration list for PBXProject "forty" */ = {
			isa = XCConfigurationList;
			buildConfigurations = (
				F1C6C3A51DB2BBD600727B77 /* Debug */,
				F1C6C3A61DB2BBD600727B77 /* Release */,
			);
			defaultConfigurationIsVisible = 0;
			defaultConfigurationName = Release;
		};
		F1C6C3A71DB2BBD600727B77 /* Build configuration list for PBXLegacyTarget "forty" */ = {
			isa = XCConfigurationList;
			buildConfigurations = (
				F1C6C3A81DB2BBD600727B77 /* Debug */,
				F1C6C3A91DB2BBD600727B77 /* Release */,
			);
			defaultConfigurationIsVisible = 0;
			defaultConfigurationName = Release;
		};
/* End XCConfigurationList section */
	};
	rootObject = F1C6C3A01DB2BBD600727B77 /* Project object */;
}
